# This file is autogenerated, do not edit; changes may be undone by the next 'dep ensure'.


[[projects]]
  digest = "1:98d2b07cc619145bc24a43233452ba3f7e576c4e94cb2e49aca067a3ae23121e"
  name = "github.com/aws/aws-lambda-go"
  packages = [
    "events",
    "lambda",
    "lambda/handlertrace",
    "lambda/messages",
    "lambdacontext",
  ]
  pruneopts = "UT"
  revision = "4c210d7623089d36b6bb6febf5a5e553bf73fbfb"
  version = "v1.11.1"

[[projects]]
  digest = "1:3ee1d175a75b911a659fbd860060874c4f503e793c5870d13e5a0ede529a63cf"
  name = "github.com/gin-contrib/sse"
  packages = ["."]
  pruneopts = "UT"
  revision = "54d8467d122d380a14768b6b4e5cd7ca4755938f"
  version = "v0.1.0"

[[projects]]
  digest = "1:d8bd2a337f6ff2188e08f72c614f2f3f0fd48e6a7b37a071b197e427d77d3a47"
  name = "github.com/gin-gonic/gin"
  packages = [
    ".",
    "binding",
    "internal/json",
    "render",
  ]
  pruneopts = "UT"
  revision = "b75d67cd51eb53c3c3a2fc406524c940021ffbda"
  version = "v1.4.0"

[[projects]]
  digest = "1:1c70b4d7285f792bd387c1adac08825715147fa210b3d2826ffd2bf56be9455b"
  name = "github.com/go-chi/chi"
  packages = ["."]
  pruneopts = "UT"
  revision = "da24bba8dcd4021cafac38724bf10dccc97c3e36"
  version = "v4.0.2"

[[projects]]
  digest = "1:318f1c959a8a740366fce4b1e1eb2fd914036b4af58fbd0a003349b305f118ad"
  name = "github.com/golang/protobuf"
  packages = ["proto"]
  pruneopts = "UT"
  revision = "b5d812f8a3706043e23a9cd5babf2e5423744d30"
  version = "v1.3.1"

[[projects]]
  digest = "1:582b704bebaa06b48c29b0cec224a6058a09c86883aaddabde889cd1a5f73e1b"
  name = "github.com/google/uuid"
  packages = ["."]
  pruneopts = "UT"
  revision = "0cd6bf5da1e1c83f8b45653022c74f71af0538a4"
  version = "v1.1.1"

[[projects]]
  digest = "1:3af6be4fee7c08f81f13d36f04ffb63ad4b6b5aaba12cce96095c7c2863d4912"
  name = "github.com/gorilla/mux"
  packages = ["."]
  pruneopts = "UT"
  revision = "ed099d42384823742bba0bf9a72b53b55c9e2e38"
  version = "v1.7.2"

[[projects]]
  digest = "1:a1038ef593beb4771c8f0f9c26e8b00410acd800af5c6864651d9bf160ea1813"
  name = "github.com/hpcloud/tail"
  packages = [
    ".",
    "ratelimiter",
    "util",
    "watch",
    "winfile",
  ]
  pruneopts = "UT"
  revision = "a30252cb686a21eb2d0b98132633053ec2f7f1e5"
  version = "v1.0.0"

[[projects]]
  digest = "1:f5a2051c55d05548d2d4fd23d244027b59fbd943217df8aa3b5e170ac2fd6e1b"
  name = "github.com/json-iterator/go"
  packages = ["."]
  pruneopts = "UT"
  revision = "0ff49de124c6f76f8494e194af75bde0f1a49a29"
  version = "v1.1.6"

[[projects]]
  digest = "1:72cc8deb2141378321013fbf7f11b35e716fedbd28b1fefa44cd9abb64326364"
  name = "github.com/labstack/echo"
  packages = ["."]
  pruneopts = "UT"
  revision = "5d2c33ad5dbb78540a56dd08d09d91f991bc3156"
  version = "v4.1.5"

[[projects]]
  digest = "1:01eb0269028d3c2e21b5b6cd9b1ba81bc4170ab293fcffa84e3aa3a6138a92e8"
  name = "github.com/labstack/gommon"
  packages = [
    "color",
    "log",
  ]
  pruneopts = "UT"
  revision = "7fd9f68ece0bcb1a905fac8f1549f0083f71c51b"
  version = "v0.2.8"

[[projects]]
  digest = "1:7c084e0e780596dd2a7e20d25803909a9a43689c153de953520dfbc0b0e51166"
  name = "github.com/mattn/go-colorable"
  packages = ["."]
  pruneopts = "UT"
  revision = "8029fb3788e5a4a9c00e415f586a6d033f5d38b3"
  version = "v0.1.2"

[[projects]]
  digest = "1:9b90c7639a41697f3d4ad12d7d67dfacc9a7a4a6e0bbfae4fc72d0da57c28871"
  name = "github.com/mattn/go-isatty"
  packages = ["."]
  pruneopts = "UT"
  revision = "1311e847b0cb909da63b5fecfb5370aa66236465"
  version = "v0.0.8"

[[projects]]
  digest = "1:33422d238f147d247752996a26574ac48dcf472976eda7f5134015f06bf16563"
  name = "github.com/modern-go/concurrent"
  packages = ["."]
  pruneopts = "UT"
  revision = "bacd9c7ef1dd9b15be4a9909b8ac7a4e313eec94"
  version = "1.0.3"

[[projects]]
  digest = "1:e32bdbdb7c377a07a9a46378290059822efdce5c8d96fe71940d87cb4f918855"
  name = "github.com/modern-go/reflect2"
  packages = ["."]
  pruneopts = "UT"
  revision = "4b7aa43c6742a2c18fdef89dd197aaae7dac7ccd"
  version = "1.0.1"

[[projects]]
  digest = "1:e9c3bb68a6c9470302b8046d4647e0612a2ea6037b9c6a47de60c0a90db504f8"
  name = "github.com/onsi/ginkgo"
  packages = [
    ".",
    "config",
    "internal/codelocation",
    "internal/containernode",
    "internal/failer",
    "internal/leafnodes",
    "internal/remote",
    "internal/spec",
    "internal/spec_iterator",
    "internal/specrunner",
    "internal/suite",
    "internal/testingtproxy",
    "internal/writer",
    "reporters",
    "reporters/stenographer",
    "reporters/stenographer/support/go-colorable",
    "reporters/stenographer/support/go-isatty",
    "types",
  ]
  pruneopts = "UT"
  revision = "eea6ad008b96acdaa524f5b409513bf062b500ad"
  version = "v1.8.0"

[[projects]]
  digest = "1:fe167e8f858cbfc10c721f2000f2446140800bb53fa83c088e03d191275611a4"
  name = "github.com/onsi/gomega"
  packages = [
    ".",
    "format",
    "internal/assertion",
    "internal/asyncassertion",
    "internal/oraclematcher",
    "internal/testingtsupport",
    "matchers",
    "matchers/support/goraph/bipartitegraph",
    "matchers/support/goraph/edge",
    "matchers/support/goraph/node",
    "matchers/support/goraph/util",
    "types",
  ]
  pruneopts = "UT"
  revision = "90e289841c1ed79b7a598a7cd9959750cb5e89e2"
  version = "v1.5.0"

[[projects]]
  digest = "1:d0072748c62defde1ad99dde77f6ffce492a0e5aea9204077e497c7edfb86653"
  name = "github.com/ugorji/go"
  packages = ["codec"]
  pruneopts = "UT"
  revision = "2adff0894ba3bc2eeb9f9aea45fefd49802e1a13"
  version = "v1.1.4"

[[projects]]
  digest = "1:d688f4ad71b5dfad95c2d74cb0feac09f8f3c32ae5cecc078230dbdeece39e53"
  name = "github.com/urfave/negroni"
  packages = ["."]
  pruneopts = "UT"
  revision = "c6a59be0ce122566695fbd5e48a77f8f10c8a63a"
  version = "v1.0.0"

[[projects]]
  digest = "1:c468422f334a6b46a19448ad59aaffdfc0a36b08fdcc1c749a0b29b6453d7e59"
  name = "github.com/valyala/bytebufferpool"
  packages = ["."]
  pruneopts = "UT"
  revision = "e746df99fe4a3986f4d4f79e13c1e0117ce9c2f7"
  version = "v1.0.0"

[[projects]]
  digest = "1:4d29fdc69817829d8c78473d61613d984ce59675110cee7a2f0314f332cc70a2"
  name = "github.com/valyala/fasttemplate"
  packages = ["."]
  pruneopts = "UT"
  revision = "8b5e4e491ab636663841c42ea3c5a9adebabaf36"
  version = "v1.0.1"

[[projects]]
  branch = "master"
  digest = "1:9ebbac90dda5bf921f6243b64d5abd0674ada63cdee056ff671f8658a00034ab"
  name = "golang.org/x/crypto"
  packages = [
    "acme",
    "acme/autocert",
  ]
  pruneopts = "UT"
  revision = "20be4c3c3ed52bfccdb2d59a412ee1a936d175a7"

[[projects]]
  branch = "master"
  digest = "1:5291955fb42d602917fc4fb05868325f172f8b6395cd69004d29df4a74448111"
  name = "golang.org/x/net"
  packages = [
    "html",
    "html/atom",
    "html/charset",
    "idna",
  ]
  pruneopts = "UT"
  revision = "60506f45cf65977eb3a9c6e30f995f54a721c271"

[[projects]]
  branch = "master"
  digest = "1:8f5108406bc43c7669b0d67d282e40d05c9f268615fcaf8c1f0f76965aa3f09f"
  name = "golang.org/x/sys"
  packages = ["unix"]
  pruneopts = "UT"
  revision = "4c4f7f33c9ed00de01c4c741d2177abfcfe19307"

[[projects]]
  digest = "1:28deae5fe892797ff37a317b5bcda96d11d1c90dadd89f1337651df3bc4c586e"
  name = "golang.org/x/text"
  packages = [
    "collate",
    "collate/build",
    "encoding",
    "encoding/charmap",
    "encoding/htmlindex",
    "encoding/internal",
    "encoding/internal/identifier",
    "encoding/japanese",
    "encoding/korean",
    "encoding/simplifiedchinese",
    "encoding/traditionalchinese",
    "encoding/unicode",
    "internal/colltab",
    "internal/gen",
    "internal/language",
    "internal/language/compact",
    "internal/tag",
    "internal/triegen",
    "internal/ucd",
    "internal/utf8internal",
    "language",
    "runes",
    "secure/bidirule",
    "transform",
    "unicode/bidi",
    "unicode/cldr",
    "unicode/norm",
    "unicode/rangetable",
  ]
  pruneopts = "UT"
  revision = "342b2e1fbaa52c93f31447ad2c6abc048c63e475"
  version = "v0.3.2"

[[projects]]
  digest = "1:abeb38ade3f32a92943e5be54f55ed6d6e3b6602761d74b4aab4c9dd45c18abd"
  name = "gopkg.in/fsnotify.v1"
  packages = ["."]
  pruneopts = "UT"
  revision = "c2828203cd70a50dcccfb2761f8b1f8ceef9a8e9"
  source = "gopkg.in/fsnotify/fsnotify.v1"
  version = "v1.4.7"

[[projects]]
  digest = "1:cbc72c4c4886a918d6ab4b95e347ffe259846260f99ebdd8a198c2331cf2b2e9"
  name = "gopkg.in/go-playground/validator.v8"
  packages = ["."]
  pruneopts = "UT"
  revision = "5f1438d3fca68893a817e4a66806cea46a9e4ebf"
  version = "v8.18.2"

[[projects]]
  branch = "v1"
  digest = "1:0caa92e17bc0b65a98c63e5bc76a9e844cd5e56493f8fdbb28fad101a16254d9"
  name = "gopkg.in/tomb.v1"
  packages = ["."]
  pruneopts = "UT"
  revision = "dd632973f1e7218eb1089048e0798ec9ae7dceb8"

[[projects]]
  digest = "1:4d2e5a73dc1500038e504a8d78b986630e3626dc027bc030ba5c75da257cdb96"
  name = "gopkg.in/yaml.v2"
  packages = ["."]
  pruneopts = "UT"
  revision = "51d6538a90f86fe93ac480b35f37b2be17fef232"
  version = "v2.2.2"

[solve-meta]
  analyzer-name = "dep"
  analyzer-version = 1
  input-imports = [
    "github.com/aws/aws-lambda-go/events",
    "github.com/aws/aws-lambda-go/lambda",
    "github.com/aws/aws-lambda-go/lambdacontext",
    "github.com/gin-gonic/gin",
    "github.com/go-chi/chi",
    "github.com/google/uuid",
    "github.com/gorilla/mux",
    "github.com/labstack/echo",
    "github.com/onsi/ginkgo",
    "github.com/onsi/gomega",
    "github.com/urfave/negroni",
  ]
  solver-name = "gps-cdcl"
  solver-version = 1
